
Microsoft Visual Studio Solution File, Format Version 12.00
# Visual Studio Version 17
VisualStudioVersion = 17.6.33829.357
MinimumVisualStudioVersion = 10.0.40219.1
Project("{FAE04EC0-301F-11D3-BF4B-00C04F79EFBC}") = "ManaosMarket", "ManaosMarket\ManaosMarket.csproj", "{38C64E86-187C-4619-9982-C8CBCC683F30}"
EndProject
Project("{FAE04EC0-301F-11D3-BF4B-00C04F79EFBC}") = "ReglasNegocio", "ReglasNegocio\ReglasNegocio.csproj", "{5C91A787-DDE8-4574-BFF7-0CFBEF77EEC0}"
EndProject
Project("{FAE04EC0-301F-11D3-BF4B-00C04F79EFBC}") = "Entidades", "Entidades\Entidades.csproj", "{57953DEC-A87F-49CA-8526-C9A69C8DF5BF}"
EndProject
Global
	GlobalSection(SolutionConfigurationPlatforms) = preSolution
		Debug|Any CPU = Debug|Any CPU
		Release|Any CPU = Release|Any CPU
	EndGlobalSection
	GlobalSection(ProjectConfigurationPlatforms) = postSolution
		{38C64E86-187C-4619-9982-C8CBCC683F30}.Debug|Any CPU.ActiveCfg = Debug|Any CPU
		{38C64E86-187C-4619-9982-C8CBCC683F30}.Debug|Any CPU.Build.0 = Debug|Any CPU
		{38C64E86-187C-4619-9982-C8CBCC683F30}.Release|Any CPU.ActiveCfg = Release|Any CPU
		{38C64E86-187C-4619-9982-C8CBCC683F30}.Release|Any CPU.Build.0 = Release|Any CPU
		{5C91A787-DDE8-4574-BFF7-0CFBEF77EEC0}.Debug|Any CPU.ActiveCfg = Debug|Any CPU
		{5C91A787-DDE8-4574-BFF7-0CFBEF77EEC0}.Debug|Any CPU.Build.0 = Debug|Any CPU
		{5C91A787-DDE8-4574-BFF7-0CFBEF77EEC0}.Release|Any CPU.ActiveCfg = Release|Any CPU
		{5C91A787-DDE8-4574-BFF7-0CFBEF77EEC0}.Release|Any CPU.Build.0 = Release|Any CPU
		{57953DEC-A87F-49CA-8526-C9A69C8DF5BF}.Debug|Any CPU.ActiveCfg = Debug|Any CPU
		{57953DEC-A87F-49CA-8526-C9A69C8DF5BF}.Debug|Any CPU.Build.0 = Debug|Any CPU
		{57953DEC-A87F-49CA-8526-C9A69C8DF5BF}.Release|Any CPU.ActiveCfg = Release|Any CPU
		{57953DEC-A87F-49CA-8526-C9A69C8DF5BF}.Release|Any CPU.Build.0 = Release|Any CPU
	EndGlobalSection
	GlobalSection(SolutionProperties) = preSolution
		HideSolutionNode = FALSE
	EndGlobalSection
	GlobalSection(ExtensibilityGlobals) = postSolution
		SolutionGuid = {F078EEE0-E176-49D8-8BD0-43884C72D97F}
	EndGlobalSection
EndGlobal
